
Microsoft Visual Studio Solution File, Format Version 11.00
# Visual C++ Express 2010
Project("{8BC9CEB8-8B4A-11D0-8D11-00A0C91BC942}") = "LDombiMicroCipher2017_SFE", "LDombiMicroCipher2017_SFE.2017.vcxproj", "{338931CB-EEE4-456B-A02C-002C85134CF3}"
EndProject
Global
	GlobalSection(SolutionConfigurationPlatforms) = preSolution
		Debug|Win32 = Debug|Win32
		Debug|x64 = Debug|x64
		Debug (Long Key)|Win32 = Debug (Long Key)|Win32
		Debug (Long Key)|x64 = Debug (Long Key)|x64
		Release|Win32 = Release|Win32
		Release|x64 = Release|x64
		Release (Long Key)|Win32 = Release (Long Key)|Win32
		Release (Long Key)|x64 = Release (Long Key)|x64
	EndGlobalSection
	GlobalSection(ProjectConfigurationPlatforms) = postSolution
		{338931CB-EEE4-456B-A02C-002C85134CF3}.Debug|Win32.ActiveCfg = Debug|Win32
		{338931CB-EEE4-456B-A02C-002C85134CF3}.Debug|Win32.Build.0 = Debug|Win32
		{338931CB-EEE4-456B-A02C-002C85134CF3}.Debug|x64.ActiveCfg = Debug|x64
		{338931CB-EEE4-456B-A02C-002C85134CF3}.Debug|x64.Build.0 = Debug|x64
		{338931CB-EEE4-456B-A02C-002C85134CF3}.Debug (Long Key)|Win32.ActiveCfg = Debug (Long Key)|Win32
		{338931CB-EEE4-456B-A02C-002C85134CF3}.Debug (Long Key)|Win32.Build.0 = Debug (Long Key)|Win32
		{338931CB-EEE4-456B-A02C-002C85134CF3}.Debug (Long Key)|x64.ActiveCfg = Debug (Long Key)|x64
		{338931CB-EEE4-456B-A02C-002C85134CF3}.Debug (Long Key)|x64.Build.0 = Debug (Long Key)|x64
		{338931CB-EEE4-456B-A02C-002C85134CF3}.Release|Win32.ActiveCfg = Release|Win32
		{338931CB-EEE4-456B-A02C-002C85134CF3}.Release|Win32.Build.0 = Release|Win32
		{338931CB-EEE4-456B-A02C-002C85134CF3}.Release|x64.ActiveCfg = Release|x64
		{338931CB-EEE4-456B-A02C-002C85134CF3}.Release|x64.Build.0 = Release|x64
		{338931CB-EEE4-456B-A02C-002C85134CF3}.Release (Long Key)|Win32.ActiveCfg = Release (Long Key)|Win32
		{338931CB-EEE4-456B-A02C-002C85134CF3}.Release (Long Key)|Win32.Build.0 = Release (Long Key)|Win32
		{338931CB-EEE4-456B-A02C-002C85134CF3}.Release (Long Key)|x64.ActiveCfg = Release (Long Key)|x64
		{338931CB-EEE4-456B-A02C-002C85134CF3}.Release (Long Key)|x64.Build.0 = Release (Long Key)|x64
	EndGlobalSection
	GlobalSection(SolutionProperties) = preSolution
		HideSolutionNode = FALSE
	EndGlobalSection
EndGlobal
